// !$*UTF8*$!
{
	archiveVersion = 1;
	classes = {
	};
	objectVersion = 55;
	objects = {

/* Begin PBXBuildFile section */
		CB66DC3C27D6177700314D43 /* AppState.swift in Sources */ = {isa = PBXBuildFile; fileRef = CB66DC3B27D6177700314D43 /* AppState.swift */; };
		CB66DC3E27D617A400314D43 /* AppAction.swift in Sources */ = {isa = PBXBuildFile; fileRef = CB66DC3D27D617A400314D43 /* AppAction.swift */; };
		CB66DC4027D617CA00314D43 /* AppReducer.swift in Sources */ = {isa = PBXBuildFile; fileRef = CB66DC3F27D617CA00314D43 /* AppReducer.swift */; };
		CB66DC4227D6181C00314D43 /* AppEnvironment.swift in Sources */ = {isa = PBXBuildFile; fileRef = CB66DC4127D6181C00314D43 /* AppEnvironment.swift */; };
		CB6FF8B327D567AB003B27D7 /* SwiftUI_CRUD_TCAApp.swift in Sources */ = {isa = PBXBuildFile; fileRef = CB6FF8B227D567AB003B27D7 /* SwiftUI_CRUD_TCAApp.swift */; };
		CB6FF8B527D567AB003B27D7 /* ContactListtView.swift in Sources */ = {isa = PBXBuildFile; fileRef = CB6FF8B427D567AB003B27D7 /* ContactListtView.swift */; };
		CB6FF8B727D567AC003B27D7 /* Assets.xcassets in Resources */ = {isa = PBXBuildFile; fileRef = CB6FF8B627D567AC003B27D7 /* Assets.xcassets */; };
		CB6FF8BA27D567AC003B27D7 /* Preview Assets.xcassets in Resources */ = {isa = PBXBuildFile; fileRef = CB6FF8B927D567AC003B27D7 /* Preview Assets.xcassets */; };
		CB6FF8C227D567D7003B27D7 /* ComposableArchitecture in Frameworks */ = {isa = PBXBuildFile; productRef = CB6FF8C127D567D7003B27D7 /* ComposableArchitecture */; };
/* End PBXBuildFile section */

/* Begin PBXFileReference section */
		CB66DC3B27D6177700314D43 /* AppState.swift */ = {isa = PBXFileReference; lastKnownFileType = sourcecode.swift; path = AppState.swift; sourceTree = "<group>"; };
		CB66DC3D27D617A400314D43 /* AppAction.swift */ = {isa = PBXFileReference; lastKnownFileType = sourcecode.swift; path = AppAction.swift; sourceTree = "<group>"; };
		CB66DC3F27D617CA00314D43 /* AppReducer.swift */ = {isa = PBXFileReference; lastKnownFileType = sourcecode.swift; path = AppReducer.swift; sourceTree = "<group>"; };
		CB66DC4127D6181C00314D43 /* AppEnvironment.swift */ = {isa = PBXFileReference; lastKnownFileType = sourcecode.swift; path = AppEnvironment.swift; sourceTree = "<group>"; };
		CB6FF8AF27D567AB003B27D7 /* SwiftUI_CRUD_TCA.app */ = {isa = PBXFileReference; explicitFileType = wrapper.application; includeInIndex = 0; path = SwiftUI_CRUD_TCA.app; sourceTree = BUILT_PRODUCTS_DIR; };
		CB6FF8B227D567AB003B27D7 /* SwiftUI_CRUD_TCAApp.swift */ = {isa = PBXFileReference; lastKnownFileType = sourcecode.swift; path = SwiftUI_CRUD_TCAApp.swift; sourceTree = "<group>"; };
		CB6FF8B427D567AB003B27D7 /* ContactListtView.swift */ = {isa = PBXFileReference; lastKnownFileType = sourcecode.swift; path = ContactListtView.swift; sourceTree = "<group>"; };
		CB6FF8B627D567AC003B27D7 /* Assets.xcassets */ = {isa = PBXFileReference; lastKnownFileType = folder.assetcatalog; path = Assets.xcassets; sourceTree = "<group>"; };
		CB6FF8B927D567AC003B27D7 /* Preview Assets.xcassets */ = {isa = PBXFileReference; lastKnownFileType = folder.assetcatalog; path = "Preview Assets.xcassets"; sourceTree = "<group>"; };
		CB6FF8D127D58ABE003B27D7 /* README.md */ = {isa = PBXFileReference; lastKnownFileType = net.daringfireball.markdown; path = README.md; sourceTree = "<group>"; };
/* End PBXFileReference section */

/* Begin PBXFrameworksBuildPhase section */
		CB6FF8AC27D567AB003B27D7 /* Frameworks */ = {
			isa = PBXFrameworksBuildPhase;
			buildActionMask = 2147483647;
			files = (
				CB6FF8C227D567D7003B27D7 /* ComposableArchitecture in Frameworks */,
			);
			runOnlyForDeploymentPostprocessing = 0;
		};
/* End PBXFrameworksBuildPhase section */

/* Begin PBXGroup section */
		CB6FF8A627D567AB003B27D7 = {
			isa = PBXGroup;
			children = (
				CB6FF8D127D58ABE003B27D7 /* README.md */,
				CB6FF8B127D567AB003B27D7 /* SwiftUI_CRUD_TCA */,
				CB6FF8B027D567AB003B27D7 /* Products */,
			);
			sourceTree = "<group>";
		};
		CB6FF8B027D567AB003B27D7 /* Products */ = {
			isa = PBXGroup;
			children = (
				CB6FF8AF27D567AB003B27D7 /* SwiftUI_CRUD_TCA.app */,
			);
			name = Products;
			sourceTree = "<group>";
		};
		CB6FF8B127D567AB003B27D7 /* SwiftUI_CRUD_TCA */ = {
			isa = PBXGroup;
			children = (
				CB6FF8C627D568A4003B27D7 /* Reducer */,
				CB6FF8C527D5689A003B27D7 /* Environment */,
				CB6FF8C427D5688E003B27D7 /* Action */,
				CB6FF8C327D56882003B27D7 /* State */,
				CB6FF8B227D567AB003B27D7 /* SwiftUI_CRUD_TCAApp.swift */,
				CB6FF8B427D567AB003B27D7 /* ContactListtView.swift */,
				CB6FF8B627D567AC003B27D7 /* Assets.xcassets */,
				CB6FF8B827D567AC003B27D7 /* Preview Content */,
			);
			path = SwiftUI_CRUD_TCA;
			sourceTree = "<group>";
		};
		CB6FF8B827D567AC003B27D7 /* Preview Content */ = {
			isa = PBXGroup;
			children = (
				CB6FF8B927D567AC003B27D7 /* Preview Assets.xcassets */,
			);
			path = "Preview Content";
			sourceTree = "<group>";
		};
		CB6FF8C327D56882003B27D7 /* State */ = {
			isa = PBXGroup;
			children = (
				CB66DC3B27D6177700314D43 /* AppState.swift */,
			);
			path = State;
			sourceTree = "<group>";
		};
		CB6FF8C427D5688E003B27D7 /* Action */ = {
			isa = PBXGroup;
			children = (
				CB66DC3D27D617A400314D43 /* AppAction.swift */,
			);
			path = Action;
			sourceTree = "<group>";
		};
		CB6FF8C527D5689A003B27D7 /* Environment */ = {
			isa = PBXGroup;
			children = (
				CB66DC4127D6181C00314D43 /* AppEnvironment.swift */,
			);
			path = Environment;
			sourceTree = "<group>";
		};
		CB6FF8C627D568A4003B27D7 /* Reducer */ = {
			isa = PBXGroup;
			children = (
				CB66DC3F27D617CA00314D43 /* AppReducer.swift */,
			);
			path = Reducer;
			sourceTree = "<group>";
		};
/* End PBXGroup section */

/* Begin PBXNativeTarget section */
		CB6FF8AE27D567AB003B27D7 /* SwiftUI_CRUD_TCA */ = {
			isa = PBXNativeTarget;
			buildConfigurationList = CB6FF8BD27D567AC003B27D7 /* Build configuration list for PBXNativeTarget "SwiftUI_CRUD_TCA" */;
			buildPhases = (
				CB6FF8AB27D567AB003B27D7 /* Sources */,
				CB6FF8AC27D567AB003B27D7 /* Frameworks */,
				CB6FF8AD27D567AB003B27D7 /* Resources */,
			);
			buildRules = (
			);
			dependencies = (
			);
			name = SwiftUI_CRUD_TCA;
			packageProductDependencies = (
				CB6FF8C127D567D7003B27D7 /* ComposableArchitecture */,
			);
			productName = SwiftUI_CRUD_TCA;
			productReference = CB6FF8AF27D567AB003B27D7 /* SwiftUI_CRUD_TCA.app */;
			productType = "com.apple.product-type.application";
		};
/* End PBXNativeTarget section */

/* Begin PBXProject section */
		CB6FF8A727D567AB003B27D7 /* Project object */ = {
			isa = PBXProject;
			attributes = {
				BuildIndependentTargetsInParallel = 1;
				LastSwiftUpdateCheck = 1320;
				LastUpgradeCheck = 1320;
				TargetAttributes = {
					CB6FF8AE27D567AB003B27D7 = {
						CreatedOnToolsVersion = 13.2.1;
					};
				};
			};
			buildConfigurationList = CB6FF8AA27D567AB003B27D7 /* Build configuration list for PBXProject "SwiftUI_CRUD_TCA" */;
			compatibilityVersion = "Xcode 13.0";
			developmentRegion = en;
			hasScannedForEncodings = 0;
			knownRegions = (
				en,
				Base,
			);
			mainGroup = CB6FF8A627D567AB003B27D7;
			packageReferences = (
				CB6FF8C027D567D7003B27D7 /* XCRemoteSwiftPackageReference "swift-composable-architecture" */,
			);
			productRefGroup = CB6FF8B027D567AB003B27D7 /* Products */;
			projectDirPath = "";
			projectRoot = "";
			targets = (
				CB6FF8AE27D567AB003B27D7 /* SwiftUI_CRUD_TCA */,
			);
		};
/* End PBXProject section */

/* Begin PBXResourcesBuildPhase section */
		CB6FF8AD27D567AB003B27D7 /* Resources */ = {
			isa = PBXResourcesBuildPhase;
			buildActionMask = 2147483647;
			files = (
				CB6FF8BA27D567AC003B27D7 /* Preview Assets.xcassets in Resources */,
				CB6FF8B727D567AC003B27D7 /* Assets.xcassets in Resources */,
			);
			runOnlyForDeploymentPostprocessing = 0;
		};
/* End PBXResourcesBuildPhase section */

/* Begin PBXSourcesBuildPhase section */
		CB6FF8AB27D567AB003B27D7 /* Sources */ = {
			isa = PBXSourcesBuildPhase;
			buildActionMask = 2147483647;
			files = (
				CB66DC3C27D6177700314D43 /* AppState.swift in Sources */,
				CB66DC3E27D617A400314D43 /* AppAction.swift in Sources */,
				CB6FF8B527D567AB003B27D7 /* ContactListtView.swift in Sources */,
				CB6FF8B327D567AB003B27D7 /* SwiftUI_CRUD_TCAApp.swift in Sources */,
				CB66DC4027D617CA00314D43 /* AppReducer.swift in Sources */,
				CB66DC4227D6181C00314D43 /* AppEnvironment.swift in Sources */,
			);
			runOnlyForDeploymentPostprocessing = 0;
		};
/* End PBXSourcesBuildPhase section */

/* Begin XCBuildConfiguration section */
		CB6FF8BB27D567AC003B27D7 /* Debug */ = {
			isa = XCBuildConfiguration;
			buildSettings = {
				ALWAYS_SEARCH_USER_PATHS = NO;
				CLANG_ANALYZER_NONNULL = YES;
				CLANG_ANALYZER_NUMBER_OBJECT_CONVERSION = YES_AGGRESSIVE;
				CLANG_CXX_LANGUAGE_STANDARD = "gnu++17";
				CLANG_CXX_LIBRARY = "libc++";
				CLANG_ENABLE_MODULES = YES;
				CLANG_ENABLE_OBJC_ARC = YES;
				CLANG_ENABLE_OBJC_WEAK = YES;
				CLANG_WARN_BLOCK_CAPTURE_AUTORELEASING = YES;
				CLANG_WARN_BOOL_CONVERSION = YES;
				CLANG_WARN_COMMA = YES;
				CLANG_WARN_CONSTANT_CONVERSION = YES;
				CLANG_WARN_DEPRECATED_OBJC_IMPLEMENTATIONS = YES;
				CLANG_WARN_DIRECT_OBJC_ISA_USAGE = YES_ERROR;
				CLANG_WARN_DOCUMENTATION_COMMENTS = YES;
				CLANG_WARN_EMPTY_BODY = YES;
				CLANG_WARN_ENUM_CONVERSION = YES;
				CLANG_WARN_INFINITE_RECURSION = YES;
				CLANG_WARN_INT_CONVERSION = YES;
				CLANG_WARN_NON_LITERAL_NULL_CONVERSION = YES;
				CLANG_WARN_OBJC_IMPLICIT_RETAIN_SELF = YES;
				CLANG_WARN_OBJC_LITERAL_CONVERSION = YES;
				CLANG_WARN_OBJC_ROOT_CLASS = YES_ERROR;
				CLANG_WARN_QUOTED_INCLUDE_IN_FRAMEWORK_HEADER = YES;
				CLANG_WARN_RANGE_LOOP_ANALYSIS = YES;
				CLANG_WARN_STRICT_PROTOTYPES = YES;
				CLANG_WARN_SUSPICIOUS_MOVE = YES;
				CLANG_WARN_UNGUARDED_AVAILABILITY = YES_AGGRESSIVE;
				CLANG_WARN_UNREACHABLE_CODE = YES;
				CLANG_WARN__DUPLICATE_METHOD_MATCH = YES;
				COPY_PHASE_STRIP = NO;
				DEBUG_INFORMATION_FORMAT = dwarf;
				ENABLE_STRICT_OBJC_MSGSEND = YES;
				ENABLE_TESTABILITY = YES;
				GCC_C_LANGUAGE_STANDARD = gnu11;
				GCC_DYNAMIC_NO_PIC = NO;
				GCC_NO_COMMON_BLOCKS = YES;
				GCC_OPTIMIZATION_LEVEL = 0;
				GCC_PREPROCESSOR_DEFINITIONS = (
					"DEBUG=1",
					"$(inherited)",
				);
				GCC_WARN_64_TO_32_BIT_CONVERSION = YES;
				GCC_WARN_ABOUT_RETURN_TYPE = YES_ERROR;
				GCC_WARN_UNDECLARED_SELECTOR = YES;
				GCC_WARN_UNINITIALIZED_AUTOS = YES_AGGRESSIVE;
				GCC_WARN_UNUSED_FUNCTION = YES;
				GCC_WARN_UNUSED_VARIABLE = YES;
				IPHONEOS_DEPLOYMENT_TARGET = 15.2;
				MTL_ENABLE_DEBUG_INFO = INCLUDE_SOURCE;
				MTL_FAST_MATH = YES;
				ONLY_ACTIVE_ARCH = YES;
				SDKROOT = iphoneos;
				SWIFT_ACTIVE_COMPILATION_CONDITIONS = DEBUG;
				SWIFT_OPTIMIZATION_LEVEL = "-Onone";
			};
			name = Debug;
		};
		CB6FF8BC27D567AC003B27D7 /* Release */ = {
			isa = XCBuildConfiguration;
			buildSettings = {
				ALWAYS_SEARCH_USER_PATHS = NO;
				CLANG_ANALYZER_NONNULL = YES;
				CLANG_ANALYZER_NUMBER_OBJECT_CONVERSION = YES_AGGRESSIVE;
				CLANG_CXX_LANGUAGE_STANDARD = "gnu++17";
				CLANG_CXX_LIBRARY = "libc++";
				CLANG_ENABLE_MODULES = YES;
				CLANG_ENABLE_OBJC_ARC = YES;
				CLANG_ENABLE_OBJC_WEAK = YES;
				CLANG_WARN_BLOCK_CAPTURE_AUTORELEASING = YES;
				CLANG_WARN_BOOL_CONVERSION = YES;
				CLANG_WARN_COMMA = YES;
				CLANG_WARN_CONSTANT_CONVERSION = YES;
				CLANG_WARN_DEPRECATED_OBJC_IMPLEMENTATIONS = YES;
				CLANG_WARN_DIRECT_OBJC_ISA_USAGE = YES_ERROR;
				CLANG_WARN_DOCUMENTATION_COMMENTS = YES;
				CLANG_WARN_EMPTY_BODY = YES;
				CLANG_WARN_ENUM_CONVERSION = YES;
				CLANG_WARN_INFINITE_RECURSION = YES;
				CLANG_WARN_INT_CONVERSION = YES;
				CLANG_WARN_NON_LITERAL_NULL_CONVERSION = YES;
				CLANG_WARN_OBJC_IMPLICIT_RETAIN_SELF = YES;
				CLANG_WARN_OBJC_LITERAL_CONVERSION = YES;
				CLANG_WARN_OBJC_ROOT_CLASS = YES_ERROR;
				CLANG_WARN_QUOTED_INCLUDE_IN_FRAMEWORK_HEADER = YES;
				CLANG_WARN_RANGE_LOOP_ANALYSIS = YES;
				CLANG_WARN_STRICT_PROTOTYPES = YES;
				CLANG_WARN_SUSPICIOUS_MOVE = YES;
				CLANG_WARN_UNGUARDED_AVAILABILITY = YES_AGGRESSIVE;
				CLANG_WARN_UNREACHABLE_CODE = YES;
				CLANG_WARN__DUPLICATE_METHOD_MATCH = YES;
				COPY_PHASE_STRIP = NO;
				DEBUG_INFORMATION_FORMAT = "dwarf-with-dsym";
				ENABLE_NS_ASSERTIONS = NO;
				ENABLE_STRICT_OBJC_MSGSEND = YES;
				GCC_C_LANGUAGE_STANDARD = gnu11;
				GCC_NO_COMMON_BLOCKS = YES;
				GCC_WARN_64_TO_32_BIT_CONVERSION = YES;
				GCC_WARN_ABOUT_RETURN_TYPE = YES_ERROR;
				GCC_WARN_UNDECLARED_SELECTOR = YES;
				GCC_WARN_UNINITIALIZED_AUTOS = YES_AGGRESSIVE;
				GCC_WARN_UNUSED_FUNCTION = YES;
				GCC_WARN_UNUSED_VARIABLE = YES;
				IPHONEOS_DEPLOYMENT_TARGET = 15.2;
				MTL_ENABLE_DEBUG_INFO = NO;
				MTL_FAST_MATH = YES;
				SDKROOT = iphoneos;
				SWIFT_COMPILATION_MODE = wholemodule;
				SWIFT_OPTIMIZATION_LEVEL = "-O";
				VALIDATE_PRODUCT = YES;
			};
			name = Release;
		};
		CB6FF8BE27D567AC003B27D7 /* Debug */ = {
			isa = XCBuildConfiguration;
			buildSettings = {
				ASSETCATALOG_COMPILER_APPICON_NAME = AppIcon;
				ASSETCATALOG_COMPILER_GLOBAL_ACCENT_COLOR_NAME = AccentColor;
				CODE_SIGN_STYLE = Automatic;
				CURRENT_PROJECT_VERSION = 1;
				DEVELOPMENT_ASSET_PATHS = "\"SwiftUI_CRUD_TCA/Preview Content\"";
				DEVELOPMENT_TEAM = 5C55LM56SH;
				ENABLE_PREVIEWS = YES;
				GENERATE_INFOPLIST_FILE = YES;
				INFOPLIST_KEY_UIApplicationSceneManifest_Generation = YES;
				INFOPLIST_KEY_UIApplicationSupportsIndirectInputEvents = YES;
				INFOPLIST_KEY_UILaunchScreen_Generation = YES;
				INFOPLIST_KEY_UISupportedInterfaceOrientations_iPad = "UIInterfaceOrientationPortrait UIInterfaceOrientationPortraitUpsideDown UIInterfaceOrientationLandscapeLeft UIInterfaceOrientationLandscapeRight";
				INFOPLIST_KEY_UISupportedInterfaceOrientations_iPhone = "UIInterfaceOrientationPortrait UIInterfaceOrientationLandscapeLeft UIInterfaceOrientationLandscapeRight";
				LD_RUNPATH_SEARCH_PATHS = (
					"$(inherited)",
					"@executable_path/Frameworks",
				);
				MARKETING_VERSION = 1.0;
				PRODUCT_BUNDLE_IDENTIFIER = "com.halbus.SwiftUI-CRUD-TCA";
				PRODUCT_NAME = "$(TARGET_NAME)";
				SWIFT_EMIT_LOC_STRINGS = YES;
				SWIFT_VERSION = 5.0;
				TARGETED_DEVICE_FAMILY = "1,2";
			};
			name = Debug;
		};
		CB6FF8BF27D567AC003B27D7 /* Release */ = {
			isa = XCBuildConfiguration;
			buildSettings = {
				ASSETCATALOG_COMPILER_APPICON_NAME = AppIcon;
				ASSETCATALOG_COMPILER_GLOBAL_ACCENT_COLOR_NAME = AccentColor;
				CODE_SIGN_STYLE = Automatic;
				CURRENT_PROJECT_VERSION = 1;
				DEVELOPMENT_ASSET_PATHS = "\"SwiftUI_CRUD_TCA/Preview Content\"";
				DEVELOPMENT_TEAM = 5C55LM56SH;
				ENABLE_PREVIEWS = YES;
				GENERATE_INFOPLIST_FILE = YES;
				INFOPLIST_KEY_UIApplicationSceneManifest_Generation = YES;
				INFOPLIST_KEY_UIApplicationSupportsIndirectInputEvents = YES;
				INFOPLIST_KEY_UILaunchScreen_Generation = YES;
				INFOPLIST_KEY_UISupportedInterfaceOrientations_iPad = "UIInterfaceOrientationPortrait UIInterfaceOrientationPortraitUpsideDown UIInterfaceOrientationLandscapeLeft UIInterfaceOrientationLandscapeRight";
				INFOPLIST_KEY_UISupportedInterfaceOrientations_iPhone = "UIInterfaceOrientationPortrait UIInterfaceOrientationLandscapeLeft UIInterfaceOrientationLandscapeRight";
				LD_RUNPATH_SEARCH_PATHS = (
					"$(inherited)",
					"@executable_path/Frameworks",
				);
				MARKETING_VERSION = 1.0;
				PRODUCT_BUNDLE_IDENTIFIER = "com.halbus.SwiftUI-CRUD-TCA";
				PRODUCT_NAME = "$(TARGET_NAME)";
				SWIFT_EMIT_LOC_STRINGS = YES;
				SWIFT_VERSION = 5.0;
				TARGETED_DEVICE_FAMILY = "1,2";
			};
			name = Release;
		};
/* End XCBuildConfiguration section */

/* Begin XCConfigurationList section */
		CB6FF8AA27D567AB003B27D7 /* Build configuration list for PBXProject "SwiftUI_CRUD_TCA" */ = {
			isa = XCConfigurationList;
			buildConfigurations = (
				CB6FF8BB27D567AC003B27D7 /* Debug */,
				CB6FF8BC27D567AC003B27D7 /* Release */,
			);
			defaultConfigurationIsVisible = 0;
			defaultConfigurationName = Release;
		};
		CB6FF8BD27D567AC003B27D7 /* Build configuration list for PBXNativeTarget "SwiftUI_CRUD_TCA" */ = {
			isa = XCConfigurationList;
			buildConfigurations = (
				CB6FF8BE27D567AC003B27D7 /* Debug */,
				CB6FF8BF27D567AC003B27D7 /* Release */,
			);
			defaultConfigurationIsVisible = 0;
			defaultConfigurationName = Release;
		};
/* End XCConfigurationList section */

/* Begin XCRemoteSwiftPackageReference section */
		CB6FF8C027D567D7003B27D7 /* XCRemoteSwiftPackageReference "swift-composable-architecture" */ = {
			isa = XCRemoteSwiftPackageReference;
			repositoryURL = "https://github.com/pointfreeco/swift-composable-architecture";
			requirement = {
				branch = main;
				kind = branch;
			};
		};
/* End XCRemoteSwiftPackageReference section */

/* Begin XCSwiftPackageProductDependency section */
		CB6FF8C127D567D7003B27D7 /* ComposableArchitecture */ = {
			isa = XCSwiftPackageProductDependency;
			package = CB6FF8C027D567D7003B27D7 /* XCRemoteSwiftPackageReference "swift-composable-architecture" */;
			productName = ComposableArchitecture;
		};
/* End XCSwiftPackageProductDependency section */
	};
	rootObject = CB6FF8A727D567AB003B27D7 /* Project object */;
}
